
Microsoft Visual Studio Solution File, Format Version 12.00
# Visual Studio Version 17
VisualStudioVersion = 17.2.32616.157
MinimumVisualStudioVersion = 10.0.40219.1
Project("{9A19103F-16F7-4668-BE54-9A1E7A4F7556}") = "HubService", "Hub\HubService.csproj", "{F1DC0633-B097-4125-A23E-6728D567C64B}"
EndProject
Project("{9A19103F-16F7-4668-BE54-9A1E7A4F7556}") = "ChatClient", "ChatClient\ChatClient.csproj", "{846FAF55-6FC8-4608-B9EB-31BF959D3659}"
EndProject
Project("{9A19103F-16F7-4668-BE54-9A1E7A4F7556}") = "OtherChatClient", "OtherChatClient\OtherChatClient.csproj", "{5A90EA57-3DF2-47AF-949B-98AC0C16F62D}"
EndProject
Project("{FAE04EC0-301F-11D3-BF4B-00C04F79EFBC}") = "RawWebsocketClient", "RawWebsocketClient\RawWebsocketClient.csproj", "{E52607B9-2D8A-4277-BDBB-647F4ACB827C}"
EndProject
Global
	GlobalSection(SolutionConfigurationPlatforms) = preSolution
		Debug|Any CPU = Debug|Any CPU
		Release|Any CPU = Release|Any CPU
	EndGlobalSection
	GlobalSection(ProjectConfigurationPlatforms) = postSolution
		{F1DC0633-B097-4125-A23E-6728D567C64B}.Debug|Any CPU.ActiveCfg = Debug|Any CPU
		{F1DC0633-B097-4125-A23E-6728D567C64B}.Debug|Any CPU.Build.0 = Debug|Any CPU
		{F1DC0633-B097-4125-A23E-6728D567C64B}.Release|Any CPU.ActiveCfg = Release|Any CPU
		{F1DC0633-B097-4125-A23E-6728D567C64B}.Release|Any CPU.Build.0 = Release|Any CPU
		{846FAF55-6FC8-4608-B9EB-31BF959D3659}.Debug|Any CPU.ActiveCfg = Debug|Any CPU
		{846FAF55-6FC8-4608-B9EB-31BF959D3659}.Debug|Any CPU.Build.0 = Debug|Any CPU
		{846FAF55-6FC8-4608-B9EB-31BF959D3659}.Release|Any CPU.ActiveCfg = Release|Any CPU
		{846FAF55-6FC8-4608-B9EB-31BF959D3659}.Release|Any CPU.Build.0 = Release|Any CPU
		{5A90EA57-3DF2-47AF-949B-98AC0C16F62D}.Debug|Any CPU.ActiveCfg = Debug|Any CPU
		{5A90EA57-3DF2-47AF-949B-98AC0C16F62D}.Debug|Any CPU.Build.0 = Debug|Any CPU
		{5A90EA57-3DF2-47AF-949B-98AC0C16F62D}.Release|Any CPU.ActiveCfg = Release|Any CPU
		{5A90EA57-3DF2-47AF-949B-98AC0C16F62D}.Release|Any CPU.Build.0 = Release|Any CPU
		{E52607B9-2D8A-4277-BDBB-647F4ACB827C}.Debug|Any CPU.ActiveCfg = Debug|Any CPU
		{E52607B9-2D8A-4277-BDBB-647F4ACB827C}.Debug|Any CPU.Build.0 = Debug|Any CPU
		{E52607B9-2D8A-4277-BDBB-647F4ACB827C}.Release|Any CPU.ActiveCfg = Release|Any CPU
		{E52607B9-2D8A-4277-BDBB-647F4ACB827C}.Release|Any CPU.Build.0 = Release|Any CPU
	EndGlobalSection
	GlobalSection(SolutionProperties) = preSolution
		HideSolutionNode = FALSE
	EndGlobalSection
	GlobalSection(ExtensibilityGlobals) = postSolution
		SolutionGuid = {AD63049D-DFB2-4AC2-A1D5-ADDBC4649079}
	EndGlobalSection
EndGlobal
